
Microsoft Visual Studio Solution File, Format Version 11.00
# Visual Studio 2010
Project("{FAE04EC0-301F-11D3-BF4B-00C04F79EFBC}") = "myWebApplication", "myWebApplication\myWebApplication.csproj", "{C377A2FC-A352-4FA1-9994-906E3EAA132C}"
EndProject
Global
	GlobalSection(SolutionConfigurationPlatforms) = preSolution
		Debug|Any CPU = Debug|Any CPU
		Release|Any CPU = Release|Any CPU
	EndGlobalSection
	GlobalSection(ProjectConfigurationPlatforms) = postSolution
		{C377A2FC-A352-4FA1-9994-906E3EAA132C}.Debug|Any CPU.ActiveCfg = Debug|Any CPU
		{C377A2FC-A352-4FA1-9994-906E3EAA132C}.Debug|Any CPU.Build.0 = Debug|Any CPU
		{C377A2FC-A352-4FA1-9994-906E3EAA132C}.Release|Any CPU.ActiveCfg = Release|Any CPU
		{C377A2FC-A352-4FA1-9994-906E3EAA132C}.Release|Any CPU.Build.0 = Release|Any CPU
	EndGlobalSection
	GlobalSection(SolutionProperties) = preSolution
		HideSolutionNode = FALSE
	EndGlobalSection
EndGlobal
